
Microsoft Visual Studio Solution File, Format Version 12.00
# Visual Studio 15
VisualStudioVersion = 15.0.27703.2035
MinimumVisualStudioVersion = 10.0.40219.1
Project("{8BC9CEB8-8B4A-11D0-8D11-00A0C91BC942}") = "FAST Presentation", "FAST Presentation\FAST Presentation.vcxproj", "{C8C2190E-CD2A-49EE-BC29-F4F53EEEC539}"
EndProject
Global
	GlobalSection(SolutionConfigurationPlatforms) = preSolution
		Debug|x64 = Debug|x64
		Debug|x86 = Debug|x86
		Release|x64 = Release|x64
		Release|x86 = Release|x86
	EndGlobalSection
	GlobalSection(ProjectConfigurationPlatforms) = postSolution
		{C8C2190E-CD2A-49EE-BC29-F4F53EEEC539}.Debug|x64.ActiveCfg = Debug|x64
		{C8C2190E-CD2A-49EE-BC29-F4F53EEEC539}.Debug|x64.Build.0 = Debug|x64
		{C8C2190E-CD2A-49EE-BC29-F4F53EEEC539}.Debug|x86.ActiveCfg = Debug|Win32
		{C8C2190E-CD2A-49EE-BC29-F4F53EEEC539}.Debug|x86.Build.0 = Debug|Win32
		{C8C2190E-CD2A-49EE-BC29-F4F53EEEC539}.Release|x64.ActiveCfg = Release|x64
		{C8C2190E-CD2A-49EE-BC29-F4F53EEEC539}.Release|x64.Build.0 = Release|x64
		{C8C2190E-CD2A-49EE-BC29-F4F53EEEC539}.Release|x86.ActiveCfg = Release|Win32
		{C8C2190E-CD2A-49EE-BC29-F4F53EEEC539}.Release|x86.Build.0 = Release|Win32
	EndGlobalSection
	GlobalSection(SolutionProperties) = preSolution
		HideSolutionNode = FALSE
	EndGlobalSection
	GlobalSection(ExtensibilityGlobals) = postSolution
		SolutionGuid = {86ADAC6B-2854-4413-A714-032BF981E3FF}
	EndGlobalSection
EndGlobal
